
Microsoft Visual Studio Solution File, Format Version 12.00
# Visual Studio 15
VisualStudioVersion = 15.0.28307.489
MinimumVisualStudioVersion = 10.0.40219.1
Project("{FAE04EC0-301F-11D3-BF4B-00C04F79EFBC}") = "data_1", "data_1\data_1.csproj", "{BEDD3581-3928-4D57-9E2C-A226BB1A67B9}"
EndProject
Global
	GlobalSection(SolutionConfigurationPlatforms) = preSolution
		Debug|Any CPU = Debug|Any CPU
		Release|Any CPU = Release|Any CPU
	EndGlobalSection
	GlobalSection(ProjectConfigurationPlatforms) = postSolution
		{BEDD3581-3928-4D57-9E2C-A226BB1A67B9}.Debug|Any CPU.ActiveCfg = Debug|Any CPU
		{BEDD3581-3928-4D57-9E2C-A226BB1A67B9}.Debug|Any CPU.Build.0 = Debug|Any CPU
		{BEDD3581-3928-4D57-9E2C-A226BB1A67B9}.Release|Any CPU.ActiveCfg = Release|Any CPU
		{BEDD3581-3928-4D57-9E2C-A226BB1A67B9}.Release|Any CPU.Build.0 = Release|Any CPU
	EndGlobalSection
	GlobalSection(SolutionProperties) = preSolution
		HideSolutionNode = FALSE
	EndGlobalSection
	GlobalSection(ExtensibilityGlobals) = postSolution
		SolutionGuid = {A97F1113-2DCA-48E9-85A0-C81234FB974F}
	EndGlobalSection
EndGlobal
